// !$*UTF8*$!
{
	archiveVersion = 1;
	classes = {
	};
	objectVersion = 56;
	objects = {

/* Begin PBXBuildFile section */
		A10CC0F32C9EEEA7000329A6 /* SwitchAccountView.swift in Sources */ = {isa = PBXBuildFile; fileRef = A10CC0F22C9EEEA7000329A6 /* SwitchAccountView.swift */; };
		A10CC0F52C9EEEAF000329A6 /* SwitchAccountViewModel.swift in Sources */ = {isa = PBXBuildFile; fileRef = A10CC0F42C9EEEAF000329A6 /* SwitchAccountViewModel.swift */; };
		A10CC0F72C9F016D000329A6 /* ManageWalletsUseCase.swift in Sources */ = {isa = PBXBuildFile; fileRef = A10CC0F62C9F016D000329A6 /* ManageWalletsUseCase.swift */; };
		A10CC0FA2CA160C6000329A6 /* SelectTokensViewModel.swift in Sources */ = {isa = PBXBuildFile; fileRef = A10CC0F92CA160C6000329A6 /* SelectTokensViewModel.swift */; };
		A10CC0FD2CA16862000329A6 /* Color+.swift in Sources */ = {isa = PBXBuildFile; fileRef = A10CC0FC2CA16862000329A6 /* Color+.swift */; };
		A10CC1002CA17725000329A6 /* PrimaryButton.swift in Sources */ = {isa = PBXBuildFile; fileRef = A10CC0FF2CA17725000329A6 /* PrimaryButton.swift */; };
		A10CC1022CA26C75000329A6 /* ProgressBarView.swift in Sources */ = {isa = PBXBuildFile; fileRef = A10CC1012CA26C75000329A6 /* ProgressBarView.swift */; };
		A10CC1062CA29D59000329A6 /* CardModifier.swift in Sources */ = {isa = PBXBuildFile; fileRef = A10CC1052CA29D59000329A6 /* CardModifier.swift */; };
		A10CC1082CA2A5D8000329A6 /* BottomCardModifier.swift in Sources */ = {isa = PBXBuildFile; fileRef = A10CC1072CA2A5D8000329A6 /* BottomCardModifier.swift */; };
		A13BBF492C7E194300D5B58F /* SwiftProtobuf in Frameworks */ = {isa = PBXBuildFile; productRef = A13BBF482C7E194300D5B58F /* SwiftProtobuf */; };
		A13BBF4B2C7E194300D5B58F /* WalletCore in Frameworks */ = {isa = PBXBuildFile; productRef = A13BBF4A2C7E194300D5B58F /* WalletCore */; };
		A161A95B2C99A2A100BED797 /* BiometricView.swift in Sources */ = {isa = PBXBuildFile; fileRef = A161A95A2C99A2A100BED797 /* BiometricView.swift */; };
		A161A95D2C99A2B000BED797 /* BiometricViewModel.swift in Sources */ = {isa = PBXBuildFile; fileRef = A161A95C2C99A2B000BED797 /* BiometricViewModel.swift */; };
		A167239D2C9238780089CE46 /* NetworkStack.swift in Sources */ = {isa = PBXBuildFile; fileRef = A167239C2C9238780089CE46 /* NetworkStack.swift */; };
		A167239F2C9240370089CE46 /* NodeProviderUseCase.swift in Sources */ = {isa = PBXBuildFile; fileRef = A167239E2C9240370089CE46 /* NodeProviderUseCase.swift */; };
		A16723A22C9241C80089CE46 /* JSONRPCRequest.swift in Sources */ = {isa = PBXBuildFile; fileRef = A16723A12C9241C80089CE46 /* JSONRPCRequest.swift */; };
		A16723A42C9242120089CE46 /* JSONRPCResponse.swift in Sources */ = {isa = PBXBuildFile; fileRef = A16723A32C9242120089CE46 /* JSONRPCResponse.swift */; };
		A16723A62C92425C0089CE46 /* TokenBalancesResponse.swift in Sources */ = {isa = PBXBuildFile; fileRef = A16723A52C92425C0089CE46 /* TokenBalancesResponse.swift */; };
		A16723A82C9244A90089CE46 /* AddressToTokenModel.swift in Sources */ = {isa = PBXBuildFile; fileRef = A16723A72C9244A90089CE46 /* AddressToTokenModel.swift */; };
		A16723AA2C9246D10089CE46 /* Hex+.swift in Sources */ = {isa = PBXBuildFile; fileRef = A16723A92C9246D10089CE46 /* Hex+.swift */; };
		A16723B12C948E040089CE46 /* AlertModifier.swift in Sources */ = {isa = PBXBuildFile; fileRef = A16723B02C948E040089CE46 /* AlertModifier.swift */; };
		A16723B32C958AC30089CE46 /* TokenMetadataResponse.swift in Sources */ = {isa = PBXBuildFile; fileRef = A16723B22C958AC30089CE46 /* TokenMetadataResponse.swift */; };
		A16723B52C958BBB0089CE46 /* TokenMetadataModel.swift in Sources */ = {isa = PBXBuildFile; fileRef = A16723B42C958BBB0089CE46 /* TokenMetadataModel.swift */; };
		A17CD2FF2C82A4BE00AA82C8 /* EnterPassPhraseView.swift in Sources */ = {isa = PBXBuildFile; fileRef = A17CD2FE2C82A4BE00AA82C8 /* EnterPassPhraseView.swift */; };
		A180F5DE2C8F3AF900380EAE /* DashboardViewModel.swift in Sources */ = {isa = PBXBuildFile; fileRef = A180F5DD2C8F3AF900380EAE /* DashboardViewModel.swift */; };
		A19734802C8323C300619D33 /* CongratsView.swift in Sources */ = {isa = PBXBuildFile; fileRef = A197347F2C8323C300619D33 /* CongratsView.swift */; };
		A19734822C832DBF00619D33 /* DashboardView.swift in Sources */ = {isa = PBXBuildFile; fileRef = A19734812C832DBF00619D33 /* DashboardView.swift */; };
		A19734872C8404B100619D33 /* TokenViewModel.swift in Sources */ = {isa = PBXBuildFile; fileRef = A19734862C8404B100619D33 /* TokenViewModel.swift */; };
		A197348B2C84078D00619D33 /* NumberFormatter.swift in Sources */ = {isa = PBXBuildFile; fileRef = A197348A2C84078D00619D33 /* NumberFormatter.swift */; };
		A197348D2C840BED00619D33 /* SelectTokensView.swift in Sources */ = {isa = PBXBuildFile; fileRef = A197348C2C840BED00619D33 /* SelectTokensView.swift */; };
		A19734902C840EBB00619D33 /* TokenListView.swift in Sources */ = {isa = PBXBuildFile; fileRef = A197348F2C840EBB00619D33 /* TokenListView.swift */; };
		A19BFFC62C8DDE3A00E646CD /* RootView.swift in Sources */ = {isa = PBXBuildFile; fileRef = A19BFFC52C8DDE3A00E646CD /* RootView.swift */; };
		A19BFFC82C8DE11800E646CD /* RootViewModel.swift in Sources */ = {isa = PBXBuildFile; fileRef = A19BFFC72C8DE11800E646CD /* RootViewModel.swift */; };
		A19BFFCA2C8DE2EF00E646CD /* GlobalEventUseCase.swift in Sources */ = {isa = PBXBuildFile; fileRef = A19BFFC92C8DE2EF00E646CD /* GlobalEventUseCase.swift */; };
		A19BFFCD2C8DE47900E646CD /* CongratsViewModel.swift in Sources */ = {isa = PBXBuildFile; fileRef = A19BFFCC2C8DE47900E646CD /* CongratsViewModel.swift */; };
		A1A148A22C820B5400C99221 /* GenerateSeedPhraseView.swift in Sources */ = {isa = PBXBuildFile; fileRef = A1A148A12C820B5400C99221 /* GenerateSeedPhraseView.swift */; };
		A1A2072B2C7CA6EB0093CE47 /* CryptoWalletApp.swift in Sources */ = {isa = PBXBuildFile; fileRef = A1A2072A2C7CA6EB0093CE47 /* CryptoWalletApp.swift */; };
		A1A2072F2C7CA6ED0093CE47 /* Assets.xcassets in Resources */ = {isa = PBXBuildFile; fileRef = A1A2072E2C7CA6ED0093CE47 /* Assets.xcassets */; };
		A1A207322C7CA6ED0093CE47 /* Preview Assets.xcassets in Resources */ = {isa = PBXBuildFile; fileRef = A1A207312C7CA6ED0093CE47 /* Preview Assets.xcassets */; };
		A1A3757C2C8AF8A70012BF43 /* GenerateSeedPhraseViewModel.swift in Sources */ = {isa = PBXBuildFile; fileRef = A1A3757B2C8AF8A70012BF43 /* GenerateSeedPhraseViewModel.swift */; };
		A1A375802C8C33440012BF43 /* AlertViewModel.swift in Sources */ = {isa = PBXBuildFile; fileRef = A1A3757F2C8C33440012BF43 /* AlertViewModel.swift */; };
		A1A375822C8C377E0012BF43 /* ViewModelState.swift in Sources */ = {isa = PBXBuildFile; fileRef = A1A375812C8C377E0012BF43 /* ViewModelState.swift */; };
		A1A375882C8D84A10012BF43 /* KeychainManager.swift in Sources */ = {isa = PBXBuildFile; fileRef = A1A375872C8D84A10012BF43 /* KeychainManager.swift */; };
		A1A3758B2C8D84D60012BF43 /* KeychainSwift in Frameworks */ = {isa = PBXBuildFile; productRef = A1A3758A2C8D84D60012BF43 /* KeychainSwift */; };
		A1A375912C8D8C2A0012BF43 /* UserDefaultUseCase.swift in Sources */ = {isa = PBXBuildFile; fileRef = A1A375902C8D8C2A0012BF43 /* UserDefaultUseCase.swift */; };
		A1AC217D2C9BE41F00374C83 /* String+.swift in Sources */ = {isa = PBXBuildFile; fileRef = A1AC217C2C9BE41F00374C83 /* String+.swift */; };
		A1B68E912C84AD71000509C9 /* NavigationDestinations.swift in Sources */ = {isa = PBXBuildFile; fileRef = A1B68E902C84AD71000509C9 /* NavigationDestinations.swift */; };
		A1B68E932C84B53B000509C9 /* TitleBarPresentedView.swift in Sources */ = {isa = PBXBuildFile; fileRef = A1B68E922C84B53B000509C9 /* TitleBarPresentedView.swift */; };
		A1B719D92C80C1F40039D8D9 /* web3swift in Frameworks */ = {isa = PBXBuildFile; productRef = A1B719D82C80C1F40039D8D9 /* web3swift */; };
		A1B719DB2C80C31D0039D8D9 /* WelcomeView.swift in Sources */ = {isa = PBXBuildFile; fileRef = A1B719DA2C80C31D0039D8D9 /* WelcomeView.swift */; };
		A1E3FFC02C875151007EB73D /* SelectTokenView.swift in Sources */ = {isa = PBXBuildFile; fileRef = A1E3FFBF2C875151007EB73D /* SelectTokenView.swift */; };
		A1E3FFC62C893558007EB73D /* ManageHDWalletUseCase.swift in Sources */ = {isa = PBXBuildFile; fileRef = A1E3FFC52C893558007EB73D /* ManageHDWalletUseCase.swift */; };
		A1E3FFC92C8937E5007EB73D /* HDWalletManager.swift in Sources */ = {isa = PBXBuildFile; fileRef = A1E3FFC82C8937E5007EB73D /* HDWalletManager.swift */; };
/* End PBXBuildFile section */

/* Begin PBXFileReference section */
		A10CC0F22C9EEEA7000329A6 /* SwitchAccountView.swift */ = {isa = PBXFileReference; lastKnownFileType = sourcecode.swift; path = SwitchAccountView.swift; sourceTree = "<group>"; };
		A10CC0F42C9EEEAF000329A6 /* SwitchAccountViewModel.swift */ = {isa = PBXFileReference; lastKnownFileType = sourcecode.swift; path = SwitchAccountViewModel.swift; sourceTree = "<group>"; };
		A10CC0F62C9F016D000329A6 /* ManageWalletsUseCase.swift */ = {isa = PBXFileReference; lastKnownFileType = sourcecode.swift; path = ManageWalletsUseCase.swift; sourceTree = "<group>"; };
		A10CC0F92CA160C6000329A6 /* SelectTokensViewModel.swift */ = {isa = PBXFileReference; lastKnownFileType = sourcecode.swift; path = SelectTokensViewModel.swift; sourceTree = "<group>"; };
		A10CC0FC2CA16862000329A6 /* Color+.swift */ = {isa = PBXFileReference; lastKnownFileType = sourcecode.swift; path = "Color+.swift"; sourceTree = "<group>"; };
		A10CC0FF2CA17725000329A6 /* PrimaryButton.swift */ = {isa = PBXFileReference; lastKnownFileType = sourcecode.swift; path = PrimaryButton.swift; sourceTree = "<group>"; };
		A10CC1012CA26C75000329A6 /* ProgressBarView.swift */ = {isa = PBXFileReference; lastKnownFileType = sourcecode.swift; path = ProgressBarView.swift; sourceTree = "<group>"; };
		A10CC1052CA29D59000329A6 /* CardModifier.swift */ = {isa = PBXFileReference; lastKnownFileType = sourcecode.swift; path = CardModifier.swift; sourceTree = "<group>"; };
		A10CC1072CA2A5D8000329A6 /* BottomCardModifier.swift */ = {isa = PBXFileReference; lastKnownFileType = sourcecode.swift; path = BottomCardModifier.swift; sourceTree = "<group>"; };
		A161A95A2C99A2A100BED797 /* BiometricView.swift */ = {isa = PBXFileReference; lastKnownFileType = sourcecode.swift; path = BiometricView.swift; sourceTree = "<group>"; };
		A161A95C2C99A2B000BED797 /* BiometricViewModel.swift */ = {isa = PBXFileReference; lastKnownFileType = sourcecode.swift; path = BiometricViewModel.swift; sourceTree = "<group>"; };
		A167239C2C9238780089CE46 /* NetworkStack.swift */ = {isa = PBXFileReference; lastKnownFileType = sourcecode.swift; path = NetworkStack.swift; sourceTree = "<group>"; };
		A167239E2C9240370089CE46 /* NodeProviderUseCase.swift */ = {isa = PBXFileReference; lastKnownFileType = sourcecode.swift; path = NodeProviderUseCase.swift; sourceTree = "<group>"; };
		A16723A12C9241C80089CE46 /* JSONRPCRequest.swift */ = {isa = PBXFileReference; lastKnownFileType = sourcecode.swift; path = JSONRPCRequest.swift; sourceTree = "<group>"; };
		A16723A32C9242120089CE46 /* JSONRPCResponse.swift */ = {isa = PBXFileReference; lastKnownFileType = sourcecode.swift; path = JSONRPCResponse.swift; sourceTree = "<group>"; };
		A16723A52C92425C0089CE46 /* TokenBalancesResponse.swift */ = {isa = PBXFileReference; lastKnownFileType = sourcecode.swift; path = TokenBalancesResponse.swift; sourceTree = "<group>"; };
		A16723A72C9244A90089CE46 /* AddressToTokenModel.swift */ = {isa = PBXFileReference; lastKnownFileType = sourcecode.swift; path = AddressToTokenModel.swift; sourceTree = "<group>"; };
		A16723A92C9246D10089CE46 /* Hex+.swift */ = {isa = PBXFileReference; lastKnownFileType = sourcecode.swift; path = "Hex+.swift"; sourceTree = "<group>"; };
		A16723AB2C943A8F0089CE46 /* Info.plist */ = {isa = PBXFileReference; lastKnownFileType = text.plist; path = Info.plist; sourceTree = "<group>"; };
		A16723AD2C9443320089CE46 /* Debug.xcconfig */ = {isa = PBXFileReference; lastKnownFileType = text.xcconfig; path = Debug.xcconfig; sourceTree = "<group>"; };
		A16723AE2C94438A0089CE46 /* Release.xcconfig */ = {isa = PBXFileReference; lastKnownFileType = text.xcconfig; path = Release.xcconfig; sourceTree = "<group>"; };
		A16723B02C948E040089CE46 /* AlertModifier.swift */ = {isa = PBXFileReference; lastKnownFileType = sourcecode.swift; path = AlertModifier.swift; sourceTree = "<group>"; };
		A16723B22C958AC30089CE46 /* TokenMetadataResponse.swift */ = {isa = PBXFileReference; lastKnownFileType = sourcecode.swift; path = TokenMetadataResponse.swift; sourceTree = "<group>"; };
		A16723B42C958BBB0089CE46 /* TokenMetadataModel.swift */ = {isa = PBXFileReference; lastKnownFileType = sourcecode.swift; path = TokenMetadataModel.swift; sourceTree = "<group>"; };
		A17CD2FE2C82A4BE00AA82C8 /* EnterPassPhraseView.swift */ = {isa = PBXFileReference; lastKnownFileType = sourcecode.swift; path = EnterPassPhraseView.swift; sourceTree = "<group>"; };
		A180F5DD2C8F3AF900380EAE /* DashboardViewModel.swift */ = {isa = PBXFileReference; lastKnownFileType = sourcecode.swift; path = DashboardViewModel.swift; sourceTree = "<group>"; };
		A197347F2C8323C300619D33 /* CongratsView.swift */ = {isa = PBXFileReference; lastKnownFileType = sourcecode.swift; path = CongratsView.swift; sourceTree = "<group>"; };
		A19734812C832DBF00619D33 /* DashboardView.swift */ = {isa = PBXFileReference; lastKnownFileType = sourcecode.swift; path = DashboardView.swift; sourceTree = "<group>"; };
		A19734862C8404B100619D33 /* TokenViewModel.swift */ = {isa = PBXFileReference; lastKnownFileType = sourcecode.swift; path = TokenViewModel.swift; sourceTree = "<group>"; };
		A197348A2C84078D00619D33 /* NumberFormatter.swift */ = {isa = PBXFileReference; lastKnownFileType = sourcecode.swift; path = NumberFormatter.swift; sourceTree = "<group>"; };
		A197348C2C840BED00619D33 /* SelectTokensView.swift */ = {isa = PBXFileReference; lastKnownFileType = sourcecode.swift; path = SelectTokensView.swift; sourceTree = "<group>"; };
		A197348F2C840EBB00619D33 /* TokenListView.swift */ = {isa = PBXFileReference; lastKnownFileType = sourcecode.swift; path = TokenListView.swift; sourceTree = "<group>"; };
		A19BFFC52C8DDE3A00E646CD /* RootView.swift */ = {isa = PBXFileReference; lastKnownFileType = sourcecode.swift; path = RootView.swift; sourceTree = "<group>"; };
		A19BFFC72C8DE11800E646CD /* RootViewModel.swift */ = {isa = PBXFileReference; lastKnownFileType = sourcecode.swift; path = RootViewModel.swift; sourceTree = "<group>"; };
		A19BFFC92C8DE2EF00E646CD /* GlobalEventUseCase.swift */ = {isa = PBXFileReference; lastKnownFileType = sourcecode.swift; path = GlobalEventUseCase.swift; sourceTree = "<group>"; };
		A19BFFCC2C8DE47900E646CD /* CongratsViewModel.swift */ = {isa = PBXFileReference; lastKnownFileType = sourcecode.swift; path = CongratsViewModel.swift; sourceTree = "<group>"; };
		A1A148A12C820B5400C99221 /* GenerateSeedPhraseView.swift */ = {isa = PBXFileReference; lastKnownFileType = sourcecode.swift; path = GenerateSeedPhraseView.swift; sourceTree = "<group>"; };
		A1A207272C7CA6EB0093CE47 /* CryptoWallet.app */ = {isa = PBXFileReference; explicitFileType = wrapper.application; includeInIndex = 0; path = CryptoWallet.app; sourceTree = BUILT_PRODUCTS_DIR; };
		A1A2072A2C7CA6EB0093CE47 /* CryptoWalletApp.swift */ = {isa = PBXFileReference; lastKnownFileType = sourcecode.swift; path = CryptoWalletApp.swift; sourceTree = "<group>"; };
		A1A2072E2C7CA6ED0093CE47 /* Assets.xcassets */ = {isa = PBXFileReference; lastKnownFileType = folder.assetcatalog; path = Assets.xcassets; sourceTree = "<group>"; };
		A1A207312C7CA6ED0093CE47 /* Preview Assets.xcassets */ = {isa = PBXFileReference; lastKnownFileType = folder.assetcatalog; path = "Preview Assets.xcassets"; sourceTree = "<group>"; };
		A1A3757B2C8AF8A70012BF43 /* GenerateSeedPhraseViewModel.swift */ = {isa = PBXFileReference; lastKnownFileType = sourcecode.swift; path = GenerateSeedPhraseViewModel.swift; sourceTree = "<group>"; };
		A1A3757F2C8C33440012BF43 /* AlertViewModel.swift */ = {isa = PBXFileReference; lastKnownFileType = sourcecode.swift; path = AlertViewModel.swift; sourceTree = "<group>"; };
		A1A375812C8C377E0012BF43 /* ViewModelState.swift */ = {isa = PBXFileReference; lastKnownFileType = sourcecode.swift; path = ViewModelState.swift; sourceTree = "<group>"; };
		A1A375872C8D84A10012BF43 /* KeychainManager.swift */ = {isa = PBXFileReference; lastKnownFileType = sourcecode.swift; path = KeychainManager.swift; sourceTree = "<group>"; };
		A1A375902C8D8C2A0012BF43 /* UserDefaultUseCase.swift */ = {isa = PBXFileReference; lastKnownFileType = sourcecode.swift; path = UserDefaultUseCase.swift; sourceTree = "<group>"; };
		A1AC217C2C9BE41F00374C83 /* String+.swift */ = {isa = PBXFileReference; lastKnownFileType = sourcecode.swift; path = "String+.swift"; sourceTree = "<group>"; };
		A1B68E902C84AD71000509C9 /* NavigationDestinations.swift */ = {isa = PBXFileReference; lastKnownFileType = sourcecode.swift; path = NavigationDestinations.swift; sourceTree = "<group>"; };
		A1B68E922C84B53B000509C9 /* TitleBarPresentedView.swift */ = {isa = PBXFileReference; lastKnownFileType = sourcecode.swift; path = TitleBarPresentedView.swift; sourceTree = "<group>"; };
		A1B719DA2C80C31D0039D8D9 /* WelcomeView.swift */ = {isa = PBXFileReference; lastKnownFileType = sourcecode.swift; path = WelcomeView.swift; sourceTree = "<group>"; };
		A1E3FFBF2C875151007EB73D /* SelectTokenView.swift */ = {isa = PBXFileReference; lastKnownFileType = sourcecode.swift; path = SelectTokenView.swift; sourceTree = "<group>"; };
		A1E3FFC52C893558007EB73D /* ManageHDWalletUseCase.swift */ = {isa = PBXFileReference; lastKnownFileType = sourcecode.swift; path = ManageHDWalletUseCase.swift; sourceTree = "<group>"; };
		A1E3FFC82C8937E5007EB73D /* HDWalletManager.swift */ = {isa = PBXFileReference; lastKnownFileType = sourcecode.swift; path = HDWalletManager.swift; sourceTree = "<group>"; };
/* End PBXFileReference section */

/* Begin PBXFrameworksBuildPhase section */
		A1A207242C7CA6EB0093CE47 /* Frameworks */ = {
			isa = PBXFrameworksBuildPhase;
			buildActionMask = 2147483647;
			files = (
				A13BBF4B2C7E194300D5B58F /* WalletCore in Frameworks */,
				A13BBF492C7E194300D5B58F /* SwiftProtobuf in Frameworks */,
				A1A3758B2C8D84D60012BF43 /* KeychainSwift in Frameworks */,
				A1B719D92C80C1F40039D8D9 /* web3swift in Frameworks */,
			);
			runOnlyForDeploymentPostprocessing = 0;
		};
/* End PBXFrameworksBuildPhase section */

/* Begin PBXGroup section */
		A10CC0F12C9EEE98000329A6 /* SwitchAccount */ = {
			isa = PBXGroup;
			children = (
				A10CC0F22C9EEEA7000329A6 /* SwitchAccountView.swift */,
				A10CC0F42C9EEEAF000329A6 /* SwitchAccountViewModel.swift */,
			);
			path = SwitchAccount;
			sourceTree = "<group>";
		};
		A10CC0F82CA160B1000329A6 /* SelectTokens */ = {
			isa = PBXGroup;
			children = (
				A197348C2C840BED00619D33 /* SelectTokensView.swift */,
				A10CC0F92CA160C6000329A6 /* SelectTokensViewModel.swift */,
			);
			path = SelectTokens;
			sourceTree = "<group>";
		};
		A10CC0FB2CA166FE000329A6 /* Theme */ = {
			isa = PBXGroup;
			children = (
				A10CC0FC2CA16862000329A6 /* Color+.swift */,
			);
			path = Theme;
			sourceTree = "<group>";
		};
		A10CC0FE2CA176E4000329A6 /* Components */ = {
			isa = PBXGroup;
			children = (
				A10CC0FF2CA17725000329A6 /* PrimaryButton.swift */,
				A10CC1012CA26C75000329A6 /* ProgressBarView.swift */,
			);
			path = Components;
			sourceTree = "<group>";
		};
		A161A9592C99A28400BED797 /* Biometric */ = {
			isa = PBXGroup;
			children = (
				A161A95A2C99A2A100BED797 /* BiometricView.swift */,
				A161A95C2C99A2B000BED797 /* BiometricViewModel.swift */,
			);
			path = Biometric;
			sourceTree = "<group>";
		};
		A167239A2C9237A90089CE46 /* Modules */ = {
			isa = PBXGroup;
			children = (
				A161A9592C99A28400BED797 /* Biometric */,
				A1B719C72C7F72440039D8D9 /* Authentication */,
				A1B719C82C7F72510039D8D9 /* Home */,
				A1B719C92C7F72570039D8D9 /* Transaction */,
				A1B719CA2C7F725E0039D8D9 /* Activities */,
			);
			path = Modules;
			sourceTree = "<group>";
		};
		A167239B2C92385C0089CE46 /* Network */ = {
			isa = PBXGroup;
			children = (
				A167239C2C9238780089CE46 /* NetworkStack.swift */,
			);
			path = Network;
			sourceTree = "<group>";
		};
		A16723A02C9241B90089CE46 /* Contract */ = {
			isa = PBXGroup;
			children = (
				A16723A12C9241C80089CE46 /* JSONRPCRequest.swift */,
				A16723A32C9242120089CE46 /* JSONRPCResponse.swift */,
				A16723A52C92425C0089CE46 /* TokenBalancesResponse.swift */,
				A16723B22C958AC30089CE46 /* TokenMetadataResponse.swift */,
			);
			path = Contract;
			sourceTree = "<group>";
		};
		A16723AC2C94431A0089CE46 /* Config */ = {
			isa = PBXGroup;
			children = (
				A16723AD2C9443320089CE46 /* Debug.xcconfig */,
				A16723AE2C94438A0089CE46 /* Release.xcconfig */,
			);
			path = Config;
			sourceTree = "<group>";
		};
		A16723AF2C948DF80089CE46 /* Modifiers */ = {
			isa = PBXGroup;
			children = (
				A16723B02C948E040089CE46 /* AlertModifier.swift */,
				A10CC1072CA2A5D8000329A6 /* BottomCardModifier.swift */,
				A10CC1052CA29D59000329A6 /* CardModifier.swift */,
			);
			path = Modifiers;
			sourceTree = "<group>";
		};
		A180F5DC2C8F3AEB00380EAE /* Dashboard */ = {
			isa = PBXGroup;
			children = (
				A19734812C832DBF00619D33 /* DashboardView.swift */,
				A180F5DD2C8F3AF900380EAE /* DashboardViewModel.swift */,
			);
			path = Dashboard;
			sourceTree = "<group>";
		};
		A19734832C84049600619D33 /* Models */ = {
			isa = PBXGroup;
			children = (
				A16723A02C9241B90089CE46 /* Contract */,
				A19734852C84049F00619D33 /* Domain */,
				A19734842C84049900619D33 /* Presentation */,
			);
			path = Models;
			sourceTree = "<group>";
		};
		A19734842C84049900619D33 /* Presentation */ = {
			isa = PBXGroup;
			children = (
				A19734862C8404B100619D33 /* TokenViewModel.swift */,
				A1A3757F2C8C33440012BF43 /* AlertViewModel.swift */,
				A1A375812C8C377E0012BF43 /* ViewModelState.swift */,
			);
			path = Presentation;
			sourceTree = "<group>";
		};
		A19734852C84049F00619D33 /* Domain */ = {
			isa = PBXGroup;
			children = (
				A16723A72C9244A90089CE46 /* AddressToTokenModel.swift */,
				A16723B42C958BBB0089CE46 /* TokenMetadataModel.swift */,
			);
			path = Domain;
			sourceTree = "<group>";
		};
		A19734882C84077E00619D33 /* Utils */ = {
			isa = PBXGroup;
			children = (
				A1E3FFC12C87EAE2007EB73D /* Environment */,
				A19734892C84078300619D33 /* Formatter */,
				A16723A92C9246D10089CE46 /* Hex+.swift */,
				A1AC217C2C9BE41F00374C83 /* String+.swift */,
			);
			path = Utils;
			sourceTree = "<group>";
		};
		A19734892C84078300619D33 /* Formatter */ = {
			isa = PBXGroup;
			children = (
				A197348A2C84078D00619D33 /* NumberFormatter.swift */,
			);
			path = Formatter;
			sourceTree = "<group>";
		};
		A197348E2C840EA400619D33 /* Views */ = {
			isa = PBXGroup;
			children = (
				A10CC0FE2CA176E4000329A6 /* Components */,
				A16723AF2C948DF80089CE46 /* Modifiers */,
				A197348F2C840EBB00619D33 /* TokenListView.swift */,
				A1B68E922C84B53B000509C9 /* TitleBarPresentedView.swift */,
			);
			path = Views;
			sourceTree = "<group>";
		};
		A19BFFCB2C8DE46E00E646CD /* Congrats */ = {
			isa = PBXGroup;
			children = (
				A197347F2C8323C300619D33 /* CongratsView.swift */,
				A19BFFCC2C8DE47900E646CD /* CongratsViewModel.swift */,
			);
			path = Congrats;
			sourceTree = "<group>";
		};
		A1A2071E2C7CA6EB0093CE47 = {
			isa = PBXGroup;
			children = (
				A1A207292C7CA6EB0093CE47 /* CryptoWallet */,
				A1A207282C7CA6EB0093CE47 /* Products */,
			);
			sourceTree = "<group>";
		};
		A1A207282C7CA6EB0093CE47 /* Products */ = {
			isa = PBXGroup;
			children = (
				A1A207272C7CA6EB0093CE47 /* CryptoWallet.app */,
			);
			name = Products;
			sourceTree = "<group>";
		};
		A1A207292C7CA6EB0093CE47 /* CryptoWallet */ = {
			isa = PBXGroup;
			children = (
				A16723AB2C943A8F0089CE46 /* Info.plist */,
				A1A2072A2C7CA6EB0093CE47 /* CryptoWalletApp.swift */,
				A19BFFC52C8DDE3A00E646CD /* RootView.swift */,
				A19BFFC72C8DE11800E646CD /* RootViewModel.swift */,
				A1A2072E2C7CA6ED0093CE47 /* Assets.xcassets */,
				A16723AC2C94431A0089CE46 /* Config */,
				A19734832C84049600619D33 /* Models */,
				A167239A2C9237A90089CE46 /* Modules */,
				A167239B2C92385C0089CE46 /* Network */,
				A1A207302C7CA6ED0093CE47 /* Preview Content */,
				A1B68E8F2C84AD66000509C9 /* Routing */,
				A1A375862C8D84960012BF43 /* Shared */,
				A10CC0FB2CA166FE000329A6 /* Theme */,
				A1E3FFC42C893523007EB73D /* UseCases */,
				A19734882C84077E00619D33 /* Utils */,
				A197348E2C840EA400619D33 /* Views */,
			);
			path = CryptoWallet;
			sourceTree = "<group>";
		};
		A1A207302C7CA6ED0093CE47 /* Preview Content */ = {
			isa = PBXGroup;
			children = (
				A1A207312C7CA6ED0093CE47 /* Preview Assets.xcassets */,
			);
			path = "Preview Content";
			sourceTree = "<group>";
		};
		A1A3757A2C8AF8970012BF43 /* GenerateSeedPhrase */ = {
			isa = PBXGroup;
			children = (
				A1A148A12C820B5400C99221 /* GenerateSeedPhraseView.swift */,
				A1A3757B2C8AF8A70012BF43 /* GenerateSeedPhraseViewModel.swift */,
			);
			path = GenerateSeedPhrase;
			sourceTree = "<group>";
		};
		A1A375862C8D84960012BF43 /* Shared */ = {
			isa = PBXGroup;
			children = (
				A1A375872C8D84A10012BF43 /* KeychainManager.swift */,
				A1E3FFC82C8937E5007EB73D /* HDWalletManager.swift */,
			);
			path = Shared;
			sourceTree = "<group>";
		};
		A1B68E8F2C84AD66000509C9 /* Routing */ = {
			isa = PBXGroup;
			children = (
				A1B68E902C84AD71000509C9 /* NavigationDestinations.swift */,
			);
			path = Routing;
			sourceTree = "<group>";
		};
		A1B719C72C7F72440039D8D9 /* Authentication */ = {
			isa = PBXGroup;
			children = (
				A1B719DA2C80C31D0039D8D9 /* WelcomeView.swift */,
				A17CD2FE2C82A4BE00AA82C8 /* EnterPassPhraseView.swift */,
				A19BFFCB2C8DE46E00E646CD /* Congrats */,
				A1A3757A2C8AF8970012BF43 /* GenerateSeedPhrase */,
			);
			path = Authentication;
			sourceTree = "<group>";
		};
		A1B719C82C7F72510039D8D9 /* Home */ = {
			isa = PBXGroup;
			children = (
				A180F5DC2C8F3AEB00380EAE /* Dashboard */,
				A10CC0F82CA160B1000329A6 /* SelectTokens */,
				A10CC0F12C9EEE98000329A6 /* SwitchAccount */,
				A1E3FFBF2C875151007EB73D /* SelectTokenView.swift */,
			);
			path = Home;
			sourceTree = "<group>";
		};
		A1B719C92C7F72570039D8D9 /* Transaction */ = {
			isa = PBXGroup;
			children = (
			);
			path = Transaction;
			sourceTree = "<group>";
		};
		A1B719CA2C7F725E0039D8D9 /* Activities */ = {
			isa = PBXGroup;
			children = (
			);
			path = Activities;
			sourceTree = "<group>";
		};
		A1E3FFC12C87EAE2007EB73D /* Environment */ = {
			isa = PBXGroup;
			children = (
			);
			path = Environment;
			sourceTree = "<group>";
		};
		A1E3FFC42C893523007EB73D /* UseCases */ = {
			isa = PBXGroup;
			children = (
				A1E3FFC52C893558007EB73D /* ManageHDWalletUseCase.swift */,
				A1A375902C8D8C2A0012BF43 /* UserDefaultUseCase.swift */,
				A19BFFC92C8DE2EF00E646CD /* GlobalEventUseCase.swift */,
				A167239E2C9240370089CE46 /* NodeProviderUseCase.swift */,
				A10CC0F62C9F016D000329A6 /* ManageWalletsUseCase.swift */,
			);
			path = UseCases;
			sourceTree = "<group>";
		};
/* End PBXGroup section */

/* Begin PBXNativeTarget section */
		A1A207262C7CA6EB0093CE47 /* CryptoWallet */ = {
			isa = PBXNativeTarget;
			buildConfigurationList = A1A207352C7CA6ED0093CE47 /* Build configuration list for PBXNativeTarget "CryptoWallet" */;
			buildPhases = (
				A1A207232C7CA6EB0093CE47 /* Sources */,
				A1A207242C7CA6EB0093CE47 /* Frameworks */,
				A1A207252C7CA6EB0093CE47 /* Resources */,
			);
			buildRules = (
			);
			dependencies = (
			);
			name = CryptoWallet;
			packageProductDependencies = (
				A13BBF482C7E194300D5B58F /* SwiftProtobuf */,
				A13BBF4A2C7E194300D5B58F /* WalletCore */,
				A1B719D82C80C1F40039D8D9 /* web3swift */,
				A1A3758A2C8D84D60012BF43 /* KeychainSwift */,
			);
			productName = CryptoWallet;
			productReference = A1A207272C7CA6EB0093CE47 /* CryptoWallet.app */;
			productType = "com.apple.product-type.application";
		};
/* End PBXNativeTarget section */

/* Begin PBXProject section */
		A1A2071F2C7CA6EB0093CE47 /* Project object */ = {
			isa = PBXProject;
			attributes = {
				BuildIndependentTargetsInParallel = 1;
				LastSwiftUpdateCheck = 1530;
				LastUpgradeCheck = 1530;
				ORGANIZATIONNAME = akaMiWP;
				TargetAttributes = {
					A1A207262C7CA6EB0093CE47 = {
						CreatedOnToolsVersion = 15.3;
					};
				};
			};
			buildConfigurationList = A1A207222C7CA6EB0093CE47 /* Build configuration list for PBXProject "CryptoWallet" */;
			compatibilityVersion = "Xcode 14.0";
			developmentRegion = en;
			hasScannedForEncodings = 0;
			knownRegions = (
				en,
				Base,
			);
			mainGroup = A1A2071E2C7CA6EB0093CE47;
			packageReferences = (
				A13BBF472C7E194300D5B58F /* XCRemoteSwiftPackageReference "wallet-core" */,
				A1B719D72C80C1F40039D8D9 /* XCRemoteSwiftPackageReference "web3swift" */,
				A1A375892C8D84D60012BF43 /* XCRemoteSwiftPackageReference "keychain-swift" */,
			);
			productRefGroup = A1A207282C7CA6EB0093CE47 /* Products */;
			projectDirPath = "";
			projectRoot = "";
			targets = (
				A1A207262C7CA6EB0093CE47 /* CryptoWallet */,
			);
		};
/* End PBXProject section */

/* Begin PBXResourcesBuildPhase section */
		A1A207252C7CA6EB0093CE47 /* Resources */ = {
			isa = PBXResourcesBuildPhase;
			buildActionMask = 2147483647;
			files = (
				A1A207322C7CA6ED0093CE47 /* Preview Assets.xcassets in Resources */,
				A1A2072F2C7CA6ED0093CE47 /* Assets.xcassets in Resources */,
			);
			runOnlyForDeploymentPostprocessing = 0;
		};
/* End PBXResourcesBuildPhase section */

/* Begin PBXSourcesBuildPhase section */
		A1A207232C7CA6EB0093CE47 /* Sources */ = {
			isa = PBXSourcesBuildPhase;
			buildActionMask = 2147483647;
			files = (
				A167239F2C9240370089CE46 /* NodeProviderUseCase.swift in Sources */,
				A10CC1082CA2A5D8000329A6 /* BottomCardModifier.swift in Sources */,
				A19734802C8323C300619D33 /* CongratsView.swift in Sources */,
				A180F5DE2C8F3AF900380EAE /* DashboardViewModel.swift in Sources */,
				A1B68E912C84AD71000509C9 /* NavigationDestinations.swift in Sources */,
				A10CC0F32C9EEEA7000329A6 /* SwitchAccountView.swift in Sources */,
				A10CC0FD2CA16862000329A6 /* Color+.swift in Sources */,
				A19BFFC82C8DE11800E646CD /* RootViewModel.swift in Sources */,
				A1B68E932C84B53B000509C9 /* TitleBarPresentedView.swift in Sources */,
				A1A375912C8D8C2A0012BF43 /* UserDefaultUseCase.swift in Sources */,
				A161A95B2C99A2A100BED797 /* BiometricView.swift in Sources */,
				A16723A42C9242120089CE46 /* JSONRPCResponse.swift in Sources */,
				A1A148A22C820B5400C99221 /* GenerateSeedPhraseView.swift in Sources */,
				A1A375882C8D84A10012BF43 /* KeychainManager.swift in Sources */,
				A19BFFCD2C8DE47900E646CD /* CongratsViewModel.swift in Sources */,
				A10CC1062CA29D59000329A6 /* CardModifier.swift in Sources */,
				A19734822C832DBF00619D33 /* DashboardView.swift in Sources */,
				A16723A62C92425C0089CE46 /* TokenBalancesResponse.swift in Sources */,
				A1A3757C2C8AF8A70012BF43 /* GenerateSeedPhraseViewModel.swift in Sources */,
				A19734872C8404B100619D33 /* TokenViewModel.swift in Sources */,
				A16723B32C958AC30089CE46 /* TokenMetadataResponse.swift in Sources */,
				A10CC1022CA26C75000329A6 /* ProgressBarView.swift in Sources */,
				A1E3FFC02C875151007EB73D /* SelectTokenView.swift in Sources */,
				A16723A82C9244A90089CE46 /* AddressToTokenModel.swift in Sources */,
				A19BFFC62C8DDE3A00E646CD /* RootView.swift in Sources */,
				A16723A22C9241C80089CE46 /* JSONRPCRequest.swift in Sources */,
				A16723B12C948E040089CE46 /* AlertModifier.swift in Sources */,
				A161A95D2C99A2B000BED797 /* BiometricViewModel.swift in Sources */,
				A10CC0F52C9EEEAF000329A6 /* SwitchAccountViewModel.swift in Sources */,
				A1A375822C8C377E0012BF43 /* ViewModelState.swift in Sources */,
				A1AC217D2C9BE41F00374C83 /* String+.swift in Sources */,
				A19734902C840EBB00619D33 /* TokenListView.swift in Sources */,
				A16723AA2C9246D10089CE46 /* Hex+.swift in Sources */,
				A10CC0F72C9F016D000329A6 /* ManageWalletsUseCase.swift in Sources */,
				A17CD2FF2C82A4BE00AA82C8 /* EnterPassPhraseView.swift in Sources */,
				A19BFFCA2C8DE2EF00E646CD /* GlobalEventUseCase.swift in Sources */,
				A10CC0FA2CA160C6000329A6 /* SelectTokensViewModel.swift in Sources */,
				A10CC1002CA17725000329A6 /* PrimaryButton.swift in Sources */,
				A16723B52C958BBB0089CE46 /* TokenMetadataModel.swift in Sources */,
				A1A2072B2C7CA6EB0093CE47 /* CryptoWalletApp.swift in Sources */,
				A1A375802C8C33440012BF43 /* AlertViewModel.swift in Sources */,
				A197348B2C84078D00619D33 /* NumberFormatter.swift in Sources */,
				A197348D2C840BED00619D33 /* SelectTokensView.swift in Sources */,
				A1E3FFC92C8937E5007EB73D /* HDWalletManager.swift in Sources */,
				A1B719DB2C80C31D0039D8D9 /* WelcomeView.swift in Sources */,
				A1E3FFC62C893558007EB73D /* ManageHDWalletUseCase.swift in Sources */,
				A167239D2C9238780089CE46 /* NetworkStack.swift in Sources */,
			);
			runOnlyForDeploymentPostprocessing = 0;
		};
/* End PBXSourcesBuildPhase section */

/* Begin XCBuildConfiguration section */
		A1A207332C7CA6ED0093CE47 /* Debug */ = {
			isa = XCBuildConfiguration;
			baseConfigurationReference = A16723AD2C9443320089CE46 /* Debug.xcconfig */;
			buildSettings = {
				ALWAYS_SEARCH_USER_PATHS = NO;
				ASSETCATALOG_COMPILER_GENERATE_SWIFT_ASSET_SYMBOL_EXTENSIONS = YES;
				CLANG_ANALYZER_NONNULL = YES;
				CLANG_ANALYZER_NUMBER_OBJECT_CONVERSION = YES_AGGRESSIVE;
				CLANG_CXX_LANGUAGE_STANDARD = "gnu++20";
				CLANG_ENABLE_MODULES = YES;
				CLANG_ENABLE_OBJC_ARC = YES;
				CLANG_ENABLE_OBJC_WEAK = YES;
				CLANG_WARN_BLOCK_CAPTURE_AUTORELEASING = YES;
				CLANG_WARN_BOOL_CONVERSION = YES;
				CLANG_WARN_COMMA = YES;
				CLANG_WARN_CONSTANT_CONVERSION = YES;
				CLANG_WARN_DEPRECATED_OBJC_IMPLEMENTATIONS = YES;
				CLANG_WARN_DIRECT_OBJC_ISA_USAGE = YES_ERROR;
				CLANG_WARN_DOCUMENTATION_COMMENTS = YES;
				CLANG_WARN_EMPTY_BODY = YES;
				CLANG_WARN_ENUM_CONVERSION = YES;
				CLANG_WARN_INFINITE_RECURSION = YES;
				CLANG_WARN_INT_CONVERSION = YES;
				CLANG_WARN_NON_LITERAL_NULL_CONVERSION = YES;
				CLANG_WARN_OBJC_IMPLICIT_RETAIN_SELF = YES;
				CLANG_WARN_OBJC_LITERAL_CONVERSION = YES;
				CLANG_WARN_OBJC_ROOT_CLASS = YES_ERROR;
				CLANG_WARN_QUOTED_INCLUDE_IN_FRAMEWORK_HEADER = YES;
				CLANG_WARN_RANGE_LOOP_ANALYSIS = YES;
				CLANG_WARN_STRICT_PROTOTYPES = YES;
				CLANG_WARN_SUSPICIOUS_MOVE = YES;
				CLANG_WARN_UNGUARDED_AVAILABILITY = YES_AGGRESSIVE;
				CLANG_WARN_UNREACHABLE_CODE = YES;
				CLANG_WARN__DUPLICATE_METHOD_MATCH = YES;
				COPY_PHASE_STRIP = NO;
				DEBUG_INFORMATION_FORMAT = dwarf;
				ENABLE_STRICT_OBJC_MSGSEND = YES;
				ENABLE_TESTABILITY = YES;
				ENABLE_USER_SCRIPT_SANDBOXING = YES;
				GCC_C_LANGUAGE_STANDARD = gnu17;
				GCC_DYNAMIC_NO_PIC = NO;
				GCC_NO_COMMON_BLOCKS = YES;
				GCC_OPTIMIZATION_LEVEL = 0;
				GCC_PREPROCESSOR_DEFINITIONS = (
					"DEBUG=1",
					"$(inherited)",
				);
				GCC_WARN_64_TO_32_BIT_CONVERSION = YES;
				GCC_WARN_ABOUT_RETURN_TYPE = YES_ERROR;
				GCC_WARN_UNDECLARED_SELECTOR = YES;
				GCC_WARN_UNINITIALIZED_AUTOS = YES_AGGRESSIVE;
				GCC_WARN_UNUSED_FUNCTION = YES;
				GCC_WARN_UNUSED_VARIABLE = YES;
				IPHONEOS_DEPLOYMENT_TARGET = 17.4;
				LOCALIZATION_PREFERS_STRING_CATALOGS = YES;
				MTL_ENABLE_DEBUG_INFO = INCLUDE_SOURCE;
				MTL_FAST_MATH = YES;
				ONLY_ACTIVE_ARCH = YES;
				SDKROOT = iphoneos;
				SWIFT_ACTIVE_COMPILATION_CONDITIONS = "DEBUG $(inherited)";
				SWIFT_OPTIMIZATION_LEVEL = "-Onone";
			};
			name = Debug;
		};
		A1A207342C7CA6ED0093CE47 /* Release */ = {
			isa = XCBuildConfiguration;
			baseConfigurationReference = A16723AE2C94438A0089CE46 /* Release.xcconfig */;
			buildSettings = {
				ALWAYS_SEARCH_USER_PATHS = NO;
				ASSETCATALOG_COMPILER_GENERATE_SWIFT_ASSET_SYMBOL_EXTENSIONS = YES;
				CLANG_ANALYZER_NONNULL = YES;
				CLANG_ANALYZER_NUMBER_OBJECT_CONVERSION = YES_AGGRESSIVE;
				CLANG_CXX_LANGUAGE_STANDARD = "gnu++20";
				CLANG_ENABLE_MODULES = YES;
				CLANG_ENABLE_OBJC_ARC = YES;
				CLANG_ENABLE_OBJC_WEAK = YES;
				CLANG_WARN_BLOCK_CAPTURE_AUTORELEASING = YES;
				CLANG_WARN_BOOL_CONVERSION = YES;
				CLANG_WARN_COMMA = YES;
				CLANG_WARN_CONSTANT_CONVERSION = YES;
				CLANG_WARN_DEPRECATED_OBJC_IMPLEMENTATIONS = YES;
				CLANG_WARN_DIRECT_OBJC_ISA_USAGE = YES_ERROR;
				CLANG_WARN_DOCUMENTATION_COMMENTS = YES;
				CLANG_WARN_EMPTY_BODY = YES;
				CLANG_WARN_ENUM_CONVERSION = YES;
				CLANG_WARN_INFINITE_RECURSION = YES;
				CLANG_WARN_INT_CONVERSION = YES;
				CLANG_WARN_NON_LITERAL_NULL_CONVERSION = YES;
				CLANG_WARN_OBJC_IMPLICIT_RETAIN_SELF = YES;
				CLANG_WARN_OBJC_LITERAL_CONVERSION = YES;
				CLANG_WARN_OBJC_ROOT_CLASS = YES_ERROR;
				CLANG_WARN_QUOTED_INCLUDE_IN_FRAMEWORK_HEADER = YES;
				CLANG_WARN_RANGE_LOOP_ANALYSIS = YES;
				CLANG_WARN_STRICT_PROTOTYPES = YES;
				CLANG_WARN_SUSPICIOUS_MOVE = YES;
				CLANG_WARN_UNGUARDED_AVAILABILITY = YES_AGGRESSIVE;
				CLANG_WARN_UNREACHABLE_CODE = YES;
				CLANG_WARN__DUPLICATE_METHOD_MATCH = YES;
				COPY_PHASE_STRIP = NO;
				DEBUG_INFORMATION_FORMAT = "dwarf-with-dsym";
				ENABLE_NS_ASSERTIONS = NO;
				ENABLE_STRICT_OBJC_MSGSEND = YES;
				ENABLE_USER_SCRIPT_SANDBOXING = YES;
				GCC_C_LANGUAGE_STANDARD = gnu17;
				GCC_NO_COMMON_BLOCKS = YES;
				GCC_WARN_64_TO_32_BIT_CONVERSION = YES;
				GCC_WARN_ABOUT_RETURN_TYPE = YES_ERROR;
				GCC_WARN_UNDECLARED_SELECTOR = YES;
				GCC_WARN_UNINITIALIZED_AUTOS = YES_AGGRESSIVE;
				GCC_WARN_UNUSED_FUNCTION = YES;
				GCC_WARN_UNUSED_VARIABLE = YES;
				IPHONEOS_DEPLOYMENT_TARGET = 17.4;
				LOCALIZATION_PREFERS_STRING_CATALOGS = YES;
				MTL_ENABLE_DEBUG_INFO = NO;
				MTL_FAST_MATH = YES;
				SDKROOT = iphoneos;
				SWIFT_COMPILATION_MODE = wholemodule;
				VALIDATE_PRODUCT = YES;
			};
			name = Release;
		};
		A1A207362C7CA6ED0093CE47 /* Debug */ = {
			isa = XCBuildConfiguration;
			baseConfigurationReference = A16723AD2C9443320089CE46 /* Debug.xcconfig */;
			buildSettings = {
				ASSETCATALOG_COMPILER_APPICON_NAME = AppIcon;
				ASSETCATALOG_COMPILER_GLOBAL_ACCENT_COLOR_NAME = AccentColor;
				CODE_SIGN_STYLE = Automatic;
				CURRENT_PROJECT_VERSION = 1;
				DEVELOPMENT_ASSET_PATHS = "\"CryptoWallet/Preview Content\"";
				ENABLE_PREVIEWS = YES;
				GENERATE_INFOPLIST_FILE = YES;
				INFOPLIST_FILE = CryptoWallet/Info.plist;
				INFOPLIST_KEY_NSFaceIDUsageDescription = "Unlock the application using biometry";
				INFOPLIST_KEY_UIApplicationSceneManifest_Generation = YES;
				INFOPLIST_KEY_UIApplicationSupportsIndirectInputEvents = YES;
				INFOPLIST_KEY_UILaunchScreen_Generation = YES;
				INFOPLIST_KEY_UISupportedInterfaceOrientations_iPad = "UIInterfaceOrientationPortrait UIInterfaceOrientationPortraitUpsideDown UIInterfaceOrientationLandscapeLeft UIInterfaceOrientationLandscapeRight";
				INFOPLIST_KEY_UISupportedInterfaceOrientations_iPhone = "UIInterfaceOrientationPortrait UIInterfaceOrientationLandscapeLeft UIInterfaceOrientationLandscapeRight";
				LD_RUNPATH_SEARCH_PATHS = (
					"$(inherited)",
					"@executable_path/Frameworks",
				);
				MARKETING_VERSION = 1.0;
				PRODUCT_BUNDLE_IDENTIFIER = com.akaMiWP.CryptoWallet;
				PRODUCT_NAME = "$(TARGET_NAME)";
				SWIFT_EMIT_LOC_STRINGS = YES;
				SWIFT_VERSION = 5.0;
				TARGETED_DEVICE_FAMILY = "1,2";
			};
			name = Debug;
		};
		A1A207372C7CA6ED0093CE47 /* Release */ = {
			isa = XCBuildConfiguration;
			baseConfigurationReference = A16723AE2C94438A0089CE46 /* Release.xcconfig */;
			buildSettings = {
				ASSETCATALOG_COMPILER_APPICON_NAME = AppIcon;
				ASSETCATALOG_COMPILER_GLOBAL_ACCENT_COLOR_NAME = AccentColor;
				CODE_SIGN_STYLE = Automatic;
				CURRENT_PROJECT_VERSION = 1;
				DEVELOPMENT_ASSET_PATHS = "\"CryptoWallet/Preview Content\"";
				ENABLE_PREVIEWS = YES;
				GENERATE_INFOPLIST_FILE = YES;
				INFOPLIST_FILE = CryptoWallet/Info.plist;
				INFOPLIST_KEY_NSFaceIDUsageDescription = "Unlock the application using biometry";
				INFOPLIST_KEY_UIApplicationSceneManifest_Generation = YES;
				INFOPLIST_KEY_UIApplicationSupportsIndirectInputEvents = YES;
				INFOPLIST_KEY_UILaunchScreen_Generation = YES;
				INFOPLIST_KEY_UISupportedInterfaceOrientations_iPad = "UIInterfaceOrientationPortrait UIInterfaceOrientationPortraitUpsideDown UIInterfaceOrientationLandscapeLeft UIInterfaceOrientationLandscapeRight";
				INFOPLIST_KEY_UISupportedInterfaceOrientations_iPhone = "UIInterfaceOrientationPortrait UIInterfaceOrientationLandscapeLeft UIInterfaceOrientationLandscapeRight";
				LD_RUNPATH_SEARCH_PATHS = (
					"$(inherited)",
					"@executable_path/Frameworks",
				);
				MARKETING_VERSION = 1.0;
				PRODUCT_BUNDLE_IDENTIFIER = com.akaMiWP.CryptoWallet;
				PRODUCT_NAME = "$(TARGET_NAME)";
				SWIFT_EMIT_LOC_STRINGS = YES;
				SWIFT_VERSION = 5.0;
				TARGETED_DEVICE_FAMILY = "1,2";
			};
			name = Release;
		};
/* End XCBuildConfiguration section */

/* Begin XCConfigurationList section */
		A1A207222C7CA6EB0093CE47 /* Build configuration list for PBXProject "CryptoWallet" */ = {
			isa = XCConfigurationList;
			buildConfigurations = (
				A1A207332C7CA6ED0093CE47 /* Debug */,
				A1A207342C7CA6ED0093CE47 /* Release */,
			);
			defaultConfigurationIsVisible = 0;
			defaultConfigurationName = Release;
		};
		A1A207352C7CA6ED0093CE47 /* Build configuration list for PBXNativeTarget "CryptoWallet" */ = {
			isa = XCConfigurationList;
			buildConfigurations = (
				A1A207362C7CA6ED0093CE47 /* Debug */,
				A1A207372C7CA6ED0093CE47 /* Release */,
			);
			defaultConfigurationIsVisible = 0;
			defaultConfigurationName = Release;
		};
/* End XCConfigurationList section */

/* Begin XCRemoteSwiftPackageReference section */
		A13BBF472C7E194300D5B58F /* XCRemoteSwiftPackageReference "wallet-core" */ = {
			isa = XCRemoteSwiftPackageReference;
			repositoryURL = "https://github.com/trustwallet/wallet-core";
			requirement = {
				branch = master;
				kind = branch;
			};
		};
		A1A375892C8D84D60012BF43 /* XCRemoteSwiftPackageReference "keychain-swift" */ = {
			isa = XCRemoteSwiftPackageReference;
			repositoryURL = "https://github.com/evgenyneu/keychain-swift";
			requirement = {
				kind = upToNextMajorVersion;
				minimumVersion = 24.0.0;
			};
		};
		A1B719D72C80C1F40039D8D9 /* XCRemoteSwiftPackageReference "web3swift" */ = {
			isa = XCRemoteSwiftPackageReference;
			repositoryURL = "https://github.com/skywinder/web3swift";
			requirement = {
				kind = upToNextMajorVersion;
				minimumVersion = 3.2.1;
			};
		};
/* End XCRemoteSwiftPackageReference section */

/* Begin XCSwiftPackageProductDependency section */
		A13BBF482C7E194300D5B58F /* SwiftProtobuf */ = {
			isa = XCSwiftPackageProductDependency;
			package = A13BBF472C7E194300D5B58F /* XCRemoteSwiftPackageReference "wallet-core" */;
			productName = SwiftProtobuf;
		};
		A13BBF4A2C7E194300D5B58F /* WalletCore */ = {
			isa = XCSwiftPackageProductDependency;
			package = A13BBF472C7E194300D5B58F /* XCRemoteSwiftPackageReference "wallet-core" */;
			productName = WalletCore;
		};
		A1A3758A2C8D84D60012BF43 /* KeychainSwift */ = {
			isa = XCSwiftPackageProductDependency;
			package = A1A375892C8D84D60012BF43 /* XCRemoteSwiftPackageReference "keychain-swift" */;
			productName = KeychainSwift;
		};
		A1B719D82C80C1F40039D8D9 /* web3swift */ = {
			isa = XCSwiftPackageProductDependency;
			package = A1B719D72C80C1F40039D8D9 /* XCRemoteSwiftPackageReference "web3swift" */;
			productName = web3swift;
		};
/* End XCSwiftPackageProductDependency section */
	};
	rootObject = A1A2071F2C7CA6EB0093CE47 /* Project object */;
}
