{
  "originHash" : "9dfef44c025646ebdcbf211d7a4168c7e0308808c8659c44be54bd8671f69f53",
  "pins" : [
    {
      "identity" : "bigint",
      "kind" : "remoteSourceControl",
      "location" : "https://github.com/attaswift/BigInt.git",
      "state" : {
        "revision" : "0ed110f7555c34ff468e72e1686e59721f2b0da6",
        "version" : "5.3.0"
      }
    },
    {
      "identity" : "cryptoswift",
      "kind" : "remoteSourceControl",
      "location" : "https://github.com/krzyzanowskim/CryptoSwift.git",
      "state" : {
        "revision" : "039f56c5d7960f277087a0be51f5eb04ed0ec073",
        "version" : "1.5.1"
      }
    },
    {
      "identity" : "wallet-core",
      "kind" : "remoteSourceControl",
      "location" : "https://github.com/trustwallet/wallet-core",
      "state" : {
        "branch" : "master",
        "revision" : "75c73b1ff98c36870ab0d546a0f6c33dbd609230"
      }
    },
    {
      "identity" : "web3swift",
      "kind" : "remoteSourceControl",
      "location" : "https://github.com/skywinder/web3swift",
      "state" : {
        "revision" : "60a56e3b9c4cd0568d84acde27af2f25d2a8ff4d",
        "version" : "3.2.1"
      }
    }
  ],
  "version" : 3
}
