{
  "originHash" : "0226bc5b57bdc8c703e0c2be6f5aae21dea7a997a81654b5636f8d9c98f72a42",
  "pins" : [
    {
      "identity" : "wallet-core",
      "kind" : "remoteSourceControl",
      "location" : "https://github.com/trustwallet/wallet-core",
      "state" : {
        "branch" : "master",
        "revision" : "75c73b1ff98c36870ab0d546a0f6c33dbd609230"
      }
    }
  ],
  "version" : 3
}
